
Microsoft Visual Studio Solution File, Format Version 12.00
# Visual Studio Version 16
VisualStudioVersion = 16.0.29418.71
MinimumVisualStudioVersion = 10.0.40219.1
Project("{FAE04EC0-301F-11D3-BF4B-00C04F79EFBC}") = "Tests", "Tests\Tests.csproj", "{E3620EED-555B-46D9-8CB5-0A6450217F0D}"
EndProject
Project("{FAE04EC0-301F-11D3-BF4B-00C04F79EFBC}") = "Core", "Core\Core.csproj", "{53489651-8BB6-45A2-8475-792430D8C221}"
EndProject
Project("{FAE04EC0-301F-11D3-BF4B-00C04F79EFBC}") = "Main", "Main\Main.csproj", "{999535AD-F0F1-4671-BFF8-528B29E3A887}"
EndProject
Global
	GlobalSection(SolutionConfigurationPlatforms) = preSolution
		Debug|Any CPU = Debug|Any CPU
		Release|Any CPU = Release|Any CPU
	EndGlobalSection
	GlobalSection(ProjectConfigurationPlatforms) = postSolution
		{E3620EED-555B-46D9-8CB5-0A6450217F0D}.Debug|Any CPU.ActiveCfg = Debug|Any CPU
		{E3620EED-555B-46D9-8CB5-0A6450217F0D}.Debug|Any CPU.Build.0 = Debug|Any CPU
		{E3620EED-555B-46D9-8CB5-0A6450217F0D}.Release|Any CPU.ActiveCfg = Release|Any CPU
		{E3620EED-555B-46D9-8CB5-0A6450217F0D}.Release|Any CPU.Build.0 = Release|Any CPU
		{53489651-8BB6-45A2-8475-792430D8C221}.Debug|Any CPU.ActiveCfg = Debug|Any CPU
		{53489651-8BB6-45A2-8475-792430D8C221}.Debug|Any CPU.Build.0 = Debug|Any CPU
		{53489651-8BB6-45A2-8475-792430D8C221}.Release|Any CPU.ActiveCfg = Release|Any CPU
		{53489651-8BB6-45A2-8475-792430D8C221}.Release|Any CPU.Build.0 = Release|Any CPU
		{999535AD-F0F1-4671-BFF8-528B29E3A887}.Debug|Any CPU.ActiveCfg = Debug|Any CPU
		{999535AD-F0F1-4671-BFF8-528B29E3A887}.Debug|Any CPU.Build.0 = Debug|Any CPU
		{999535AD-F0F1-4671-BFF8-528B29E3A887}.Release|Any CPU.ActiveCfg = Release|Any CPU
		{999535AD-F0F1-4671-BFF8-528B29E3A887}.Release|Any CPU.Build.0 = Release|Any CPU
	EndGlobalSection
	GlobalSection(SolutionProperties) = preSolution
		HideSolutionNode = FALSE
	EndGlobalSection
	GlobalSection(ExtensibilityGlobals) = postSolution
		SolutionGuid = {BE6EF7A8-430E-444A-B459-AEBC2E6283C6}
	EndGlobalSection
EndGlobal
